<Solution>
  <Project Path="src/SuperMetroid.Core/SuperMetroid.Core.csproj" />
  <Project Path="src/SuperMetroid.Diagnostics/SuperMetroid.Diagnostics.csproj" />
  <Project Path="src/SuperMetroid.Desktop/SuperMetroid.Desktop.csproj" />
  <Project Path="src/SuperMetroid.Game/SuperMetroid.Game.csproj" />
  <Folder Name="/Solution Items/">
    <File Path=".editorconfig" />
  </Folder>
  <Project Path="src/SuperMetroid.AssetExtraction/SuperMetroid.AssetExtraction.csproj" />
  <Project Path="src/SuperMetroid.IntegrationVerification/SuperMetroid.IntegrationVerification.csproj" />
  <Project Path="src/SuperMetroid.Verification/SuperMetroid.Verification.csproj" />
  <Project Path="src/SuperMetroid.DebugRunner/SuperMetroid.DebugRunner.csproj" />
  <Project Path="src/SuperMetroid.Rendering.Direct3D11/SuperMetroid.Rendering.Direct3D11.csproj" />
  <Project Path="src/SuperMetroid.RenderVerification/SuperMetroid.RenderVerification.csproj" />
  <Project Path="src/SuperMetroid.DesktopVerification/SuperMetroid.DesktopVerification.csproj" />
</Solution>
