<Solution>
  <Folder Name="/Libraries/">
    <Project Path="src/SuperMetroid.Core/SuperMetroid.Core.csproj" />
    <Project Path="src/SuperMetroid.AssetExtraction/SuperMetroid.AssetExtraction.csproj" />
    <Project Path="src/SuperMetroid.Diagnostics/SuperMetroid.Diagnostics.csproj" />
    <Project Path="src/SuperMetroid.Rendering.Direct3D11/SuperMetroid.Rendering.Direct3D11.csproj" />
    <Project Path="src/SuperMetroid.Desktop/SuperMetroid.Desktop.csproj" />
  </Folder>
  <Folder Name="/Apps/">
    <Project Path="src/SuperMetroid.Game/SuperMetroid.Game.csproj" />
    <Project Path="src/SuperMetroid.Android/SuperMetroid.Android.csproj" />
  </Folder>
  <Folder Name="/Tools/">
    <Project Path="src/SuperMetroid.DebugRunner/SuperMetroid.DebugRunner.csproj" />
  </Folder>
  <Folder Name="/Verification/">
    <Project Path="src/SuperMetroid.Verification/SuperMetroid.Verification.csproj" />
    <Project Path="src/SuperMetroid.IntegrationVerification/SuperMetroid.IntegrationVerification.csproj" />
    <Project Path="src/SuperMetroid.RenderVerification/SuperMetroid.RenderVerification.csproj" />
    <Project Path="src/SuperMetroid.DesktopVerification/SuperMetroid.DesktopVerification.csproj" />
  </Folder>
  <Folder Name="/Solution Items/">
    <File Path=".editorconfig" />
    <File Path="test-support/README.md" />
  </Folder>
</Solution>
